github.com/RussellLuo/timingwheel v0.0.0-20220218152713-54845bda3108 h1:iPugyBI7oFtbDZXC4dnY093M1kZx6k/95sen92gafbY=
github.com/RussellLuo/timingwheel v0.0.0-20220218152713-54845bda3108/go.mod h1:WAMLHwunr1hi3u7OjGV6/VWG9QbdMhGpEKjROiSFd10=
github.com/davecgh/go-spew v1.1.0 h1:ZDRjVQ15GmhC3fiQ8ni8+OwkZQO4DARzQgrnXU1Liz8=
github.com/libp2p/go-reuseport v0.2.0 h1:18PRvIMlpY6ZK85nIAicSBuXXvrYoSw3dsBAR7zc560=
github.com/libp2p/go-reuseport v0.2.0/go.mod h1:bvVho6eLMm6Bz5hmU0LYN3ixd3nPPvtIlaURZZgOY4k=
github.com/maoge/paas-toolkit-go v0.0.0-20220601035840-94852f58932b h1:nNdc2gky5wPWJ/5GMDwRc20DLpAdYagbYkRrnjgqYoA=
github.com/maoge/paas-toolkit-go v0.0.0-20220601035840-94852f58932b/go.mod h1:Fl2SmFCcljiy6P4h1VABOgLYeN38jOqP7MWbb0NkGqE=
github.com/pmezard/go-difflib v1.0.0 h1:4DBwDE0NGyQoBHbLQYPwSUPoCMWR5BEzIk/f1lZbAQM=
github.com/stretchr/testify v1.7.0 h1:nwc3DEeHmmLAfoZucVR881uASk0Mfjw8xYJ99tb5CcY=
golang.org/x/sys v0.0.0-20220520151302-bc2c85ada10a h1:dGzPydgVsqGcTRVwiLJ1jVbufYwmzD3LfVPLKsKg+0k=
golang.org/x/sys v0.0.0-20220520151302-bc2c85ada10a/go.mod h1:oPkhp1MJrh7nUepCBck5+mAzfO9JrbApNNgaTdGDITg=
gopkg.in/yaml.v3 v3.0.0-20200313102051-9f266ea9e77c h1:dUUwHk2QECo/6vqA44rthZ8ie2QXMNeKRTHCNY2nXvo=
