github.com/RussellLuo/timingwheel v0.0.0-20220218152713-54845bda3108 h1:iPugyBI7oFtbDZXC4dnY093M1kZx6k/95sen92gafbY=
github.com/RussellLuo/timingwheel v0.0.0-20220218152713-54845bda3108/go.mod h1:WAMLHwunr1hi3u7OjGV6/VWG9QbdMhGpEKjROiSFd10=
github.com/maoge/paas-toolkit-go v0.0.0-20220601035840-94852f58932b h1:nNdc2gky5wPWJ/5GMDwRc20DLpAdYagbYkRrnjgqYoA=
github.com/maoge/paas-toolkit-go v0.0.0-20220601035840-94852f58932b/go.mod h1:Fl2SmFCcljiy6P4h1VABOgLYeN38jOqP7MWbb0NkGqE=
golang.org/x/sys v0.0.0-20220520151302-bc2c85ada10a h1:dGzPydgVsqGcTRVwiLJ1jVbufYwmzD3LfVPLKsKg+0k=
golang.org/x/sys v0.0.0-20220520151302-bc2c85ada10a/go.mod h1:oPkhp1MJrh7nUepCBck5+mAzfO9JrbApNNgaTdGDITg=
